// !$*UTF8*$!
{
	archiveVersion = 1;
	classes = {
	};
	objectVersion = 46;
	objects = {

/* Begin PBXBuildFile section */
		3643C0C21EA07E92005C7A7F /* AppDelegate.swift in Sources */ = {isa = PBXBuildFile; fileRef = 3643C0C11EA07E92005C7A7F /* AppDelegate.swift */; };
		3643C0C71EA07E92005C7A7F /* Main.storyboard in Resources */ = {isa = PBXBuildFile; fileRef = 3643C0C51EA07E92005C7A7F /* Main.storyboard */; };
		3643C0C91EA07E92005C7A7F /* Assets.xcassets in Resources */ = {isa = PBXBuildFile; fileRef = 3643C0C81EA07E92005C7A7F /* Assets.xcassets */; };
		3643C0CC1EA07E92005C7A7F /* LaunchScreen.storyboard in Resources */ = {isa = PBXBuildFile; fileRef = 3643C0CA1EA07E92005C7A7F /* LaunchScreen.storyboard */; };
		3643C0D41EA07ED8005C7A7F /* ViewTableViewController.swift in Sources */ = {isa = PBXBuildFile; fileRef = 3643C0D31EA07ED8005C7A7F /* ViewTableViewController.swift */; };
/* End PBXBuildFile section */

/* Begin PBXFileReference section */
		3643C0BE1EA07E92005C7A7F /* DelegateAndDataSource.app */ = {isa = PBXFileReference; explicitFileType = wrapper.application; includeInIndex = 0; path = DelegateAndDataSource.app; sourceTree = BUILT_PRODUCTS_DIR; };
		3643C0C11EA07E92005C7A7F /* AppDelegate.swift */ = {isa = PBXFileReference; lastKnownFileType = sourcecode.swift; path = AppDelegate.swift; sourceTree = "<group>"; };
		3643C0C61EA07E92005C7A7F /* Base */ = {isa = PBXFileReference; lastKnownFileType = file.storyboard; name = Base; path = Base.lproj/Main.storyboard; sourceTree = "<group>"; };
		3643C0C81EA07E92005C7A7F /* Assets.xcassets */ = {isa = PBXFileReference; lastKnownFileType = folder.assetcatalog; path = Assets.xcassets; sourceTree = "<group>"; };
		3643C0CB1EA07E92005C7A7F /* Base */ = {isa = PBXFileReference; lastKnownFileType = file.storyboard; name = Base; path = Base.lproj/LaunchScreen.storyboard; sourceTree = "<group>"; };
		3643C0CD1EA07E92005C7A7F /* Info.plist */ = {isa = PBXFileReference; lastKnownFileType = text.plist.xml; path = Info.plist; sourceTree = "<group>"; };
		3643C0D31EA07ED8005C7A7F /* ViewTableViewController.swift */ = {isa = PBXFileReference; fileEncoding = 4; lastKnownFileType = sourcecode.swift; path = ViewTableViewController.swift; sourceTree = "<group>"; };
/* End PBXFileReference section */

/* Begin PBXFrameworksBuildPhase section */
		3643C0BB1EA07E92005C7A7F /* Frameworks */ = {
			isa = PBXFrameworksBuildPhase;
			buildActionMask = 2147483647;
			files = (
			);
			runOnlyForDeploymentPostprocessing = 0;
		};
/* End PBXFrameworksBuildPhase section */

/* Begin PBXGroup section */
		3643C0B51EA07E92005C7A7F = {
			isa = PBXGroup;
			children = (
				3643C0C01EA07E92005C7A7F /* DelegateAndDataSource */,
				3643C0BF1EA07E92005C7A7F /* Products */,
			);
			sourceTree = "<group>";
		};
		3643C0BF1EA07E92005C7A7F /* Products */ = {
			isa = PBXGroup;
			children = (
				3643C0BE1EA07E92005C7A7F /* DelegateAndDataSource.app */,
			);
			name = Products;
			sourceTree = "<group>";
		};
		3643C0C01EA07E92005C7A7F /* DelegateAndDataSource */ = {
			isa = PBXGroup;
			children = (
				3643C0C11EA07E92005C7A7F /* AppDelegate.swift */,
				3643C0C51EA07E92005C7A7F /* Main.storyboard */,
				3643C0C81EA07E92005C7A7F /* Assets.xcassets */,
				3643C0D31EA07ED8005C7A7F /* ViewTableViewController.swift */,
				3643C0CA1EA07E92005C7A7F /* LaunchScreen.storyboard */,
				3643C0CD1EA07E92005C7A7F /* Info.plist */,
			);
			path = DelegateAndDataSource;
			sourceTree = "<group>";
		};
/* End PBXGroup section */

/* Begin PBXNativeTarget section */
		3643C0BD1EA07E92005C7A7F /* DelegateAndDataSource */ = {
			isa = PBXNativeTarget;
			buildConfigurationList = 3643C0D01EA07E92005C7A7F /* Build configuration list for PBXNativeTarget "DelegateAndDataSource" */;
			buildPhases = (
				3643C0BA1EA07E92005C7A7F /* Sources */,
				3643C0BB1EA07E92005C7A7F /* Frameworks */,
				3643C0BC1EA07E92005C7A7F /* Resources */,
			);
			buildRules = (
			);
			dependencies = (
			);
			name = DelegateAndDataSource;
			productName = DelegateAndDataSource;
			productReference = 3643C0BE1EA07E92005C7A7F /* DelegateAndDataSource.app */;
			productType = "com.apple.product-type.application";
		};
/* End PBXNativeTarget section */

/* Begin PBXProject section */
		3643C0B61EA07E92005C7A7F /* Project object */ = {
			isa = PBXProject;
			attributes = {
				LastSwiftUpdateCheck = 0830;
				LastUpgradeCheck = 0830;
				ORGANIZATIONNAME = AnhTuan;
				TargetAttributes = {
					3643C0BD1EA07E92005C7A7F = {
						CreatedOnToolsVersion = 8.3;
						ProvisioningStyle = Automatic;
					};
				};
			};
			buildConfigurationList = 3643C0B91EA07E92005C7A7F /* Build configuration list for PBXProject "DelegateAndDataSource" */;
			compatibilityVersion = "Xcode 3.2";
			developmentRegion = English;
			hasScannedForEncodings = 0;
			knownRegions = (
				en,
				Base,
			);
			mainGroup = 3643C0B51EA07E92005C7A7F;
			productRefGroup = 3643C0BF1EA07E92005C7A7F /* Products */;
			projectDirPath = "";
			projectRoot = "";
			targets = (
				3643C0BD1EA07E92005C7A7F /* DelegateAndDataSource */,
			);
		};
/* End PBXProject section */

/* Begin PBXResourcesBuildPhase section */
		3643C0BC1EA07E92005C7A7F /* Resources */ = {
			isa = PBXResourcesBuildPhase;
			buildActionMask = 2147483647;
			files = (
				3643C0CC1EA07E92005C7A7F /* LaunchScreen.storyboard in Resources */,
				3643C0C91EA07E92005C7A7F /* Assets.xcassets in Resources */,
				3643C0C71EA07E92005C7A7F /* Main.storyboard in Resources */,
			);
			runOnlyForDeploymentPostprocessing = 0;
		};
/* End PBXResourcesBuildPhase section */

/* Begin PBXSourcesBuildPhase section */
		3643C0BA1EA07E92005C7A7F /* Sources */ = {
			isa = PBXSourcesBuildPhase;
			buildActionMask = 2147483647;
			files = (
				3643C0D41EA07ED8005C7A7F /* ViewTableViewController.swift in Sources */,
				3643C0C21EA07E92005C7A7F /* AppDelegate.swift in Sources */,
			);
			runOnlyForDeploymentPostprocessing = 0;
		};
/* End PBXSourcesBuildPhase section */

/* Begin PBXVariantGroup section */
		3643C0C51EA07E92005C7A7F /* Main.storyboard */ = {
			isa = PBXVariantGroup;
			children = (
				3643C0C61EA07E92005C7A7F /* Base */,
			);
			name = Main.storyboard;
			sourceTree = "<group>";
		};
		3643C0CA1EA07E92005C7A7F /* LaunchScreen.storyboard */ = {
			isa = PBXVariantGroup;
			children = (
				3643C0CB1EA07E92005C7A7F /* Base */,
			);
			name = LaunchScreen.storyboard;
			sourceTree = "<group>";
		};
/* End PBXVariantGroup section */

/* Begin XCBuildConfiguration section */
		3643C0CE1EA07E92005C7A7F /* Debug */ = {
			isa = XCBuildConfiguration;
			buildSettings = {
				ALWAYS_SEARCH_USER_PATHS = NO;
				CLANG_ANALYZER_NONNULL = YES;
				CLANG_ANALYZER_NUMBER_OBJECT_CONVERSION = YES_AGGRESSIVE;
				CLANG_CXX_LANGUAGE_STANDARD = "gnu++0x";
				CLANG_CXX_LIBRARY = "libc++";
				CLANG_ENABLE_MODULES = YES;
				CLANG_ENABLE_OBJC_ARC = YES;
				CLANG_WARN_BOOL_CONVERSION = YES;
				CLANG_WARN_CONSTANT_CONVERSION = YES;
				CLANG_WARN_DIRECT_OBJC_ISA_USAGE = YES_ERROR;
				CLANG_WARN_DOCUMENTATION_COMMENTS = YES;
				CLANG_WARN_EMPTY_BODY = YES;
				CLANG_WARN_ENUM_CONVERSION = YES;
				CLANG_WARN_INFINITE_RECURSION = YES;
				CLANG_WARN_INT_CONVERSION = YES;
				CLANG_WARN_OBJC_ROOT_CLASS = YES_ERROR;
				CLANG_WARN_SUSPICIOUS_MOVE = YES;
				CLANG_WARN_UNREACHABLE_CODE = YES;
				CLANG_WARN__DUPLICATE_METHOD_MATCH = YES;
				"CODE_SIGN_IDENTITY[sdk=iphoneos*]" = "iPhone Developer";
				COPY_PHASE_STRIP = NO;
				DEBUG_INFORMATION_FORMAT = dwarf;
				ENABLE_STRICT_OBJC_MSGSEND = YES;
				ENABLE_TESTABILITY = YES;
				GCC_C_LANGUAGE_STANDARD = gnu99;
				GCC_DYNAMIC_NO_PIC = NO;
				GCC_NO_COMMON_BLOCKS = YES;
				GCC_OPTIMIZATION_LEVEL = 0;
				GCC_PREPROCESSOR_DEFINITIONS = (
					"DEBUG=1",
					"$(inherited)",
				);
				GCC_WARN_64_TO_32_BIT_CONVERSION = YES;
				GCC_WARN_ABOUT_RETURN_TYPE = YES_ERROR;
				GCC_WARN_UNDECLARED_SELECTOR = YES;
				GCC_WARN_UNINITIALIZED_AUTOS = YES_AGGRESSIVE;
				GCC_WARN_UNUSED_FUNCTION = YES;
				GCC_WARN_UNUSED_VARIABLE = YES;
				IPHONEOS_DEPLOYMENT_TARGET = 10.3;
				MTL_ENABLE_DEBUG_INFO = YES;
				ONLY_ACTIVE_ARCH = YES;
				SDKROOT = iphoneos;
				SWIFT_ACTIVE_COMPILATION_CONDITIONS = DEBUG;
				SWIFT_OPTIMIZATION_LEVEL = "-Onone";
				TARGETED_DEVICE_FAMILY = "1,2";
			};
			name = Debug;
		};
		3643C0CF1EA07E92005C7A7F /* Release */ = {
			isa = XCBuildConfiguration;
			buildSettings = {
				ALWAYS_SEARCH_USER_PATHS = NO;
				CLANG_ANALYZER_NONNULL = YES;
				CLANG_ANALYZER_NUMBER_OBJECT_CONVERSION = YES_AGGRESSIVE;
				CLANG_CXX_LANGUAGE_STANDARD = "gnu++0x";
				CLANG_CXX_LIBRARY = "libc++";
				CLANG_ENABLE_MODULES = YES;
				CLANG_ENABLE_OBJC_ARC = YES;
				CLANG_WARN_BOOL_CONVERSION = YES;
				CLANG_WARN_CONSTANT_CONVERSION = YES;
				CLANG_WARN_DIRECT_OBJC_ISA_USAGE = YES_ERROR;
				CLANG_WARN_DOCUMENTATION_COMMENTS = YES;
				CLANG_WARN_EMPTY_BODY = YES;
				CLANG_WARN_ENUM_CONVERSION = YES;
				CLANG_WARN_INFINITE_RECURSION = YES;
				CLANG_WARN_INT_CONVERSION = YES;
				CLANG_WARN_OBJC_ROOT_CLASS = YES_ERROR;
				CLANG_WARN_SUSPICIOUS_MOVE = YES;
				CLANG_WARN_UNREACHABLE_CODE = YES;
				CLANG_WARN__DUPLICATE_METHOD_MATCH = YES;
				"CODE_SIGN_IDENTITY[sdk=iphoneos*]" = "iPhone Developer";
				COPY_PHASE_STRIP = NO;
				DEBUG_INFORMATION_FORMAT = "dwarf-with-dsym";
				ENABLE_NS_ASSERTIONS = NO;
				ENABLE_STRICT_OBJC_MSGSEND = YES;
				GCC_C_LANGUAGE_STANDARD = gnu99;
				GCC_NO_COMMON_BLOCKS = YES;
				GCC_WARN_64_TO_32_BIT_CONVERSION = YES;
				GCC_WARN_ABOUT_RETURN_TYPE = YES_ERROR;
				GCC_WARN_UNDECLARED_SELECTOR = YES;
				GCC_WARN_UNINITIALIZED_AUTOS = YES_AGGRESSIVE;
				GCC_WARN_UNUSED_FUNCTION = YES;
				GCC_WARN_UNUSED_VARIABLE = YES;
				IPHONEOS_DEPLOYMENT_TARGET = 10.3;
				MTL_ENABLE_DEBUG_INFO = NO;
				SDKROOT = iphoneos;
				SWIFT_OPTIMIZATION_LEVEL = "-Owholemodule";
				TARGETED_DEVICE_FAMILY = "1,2";
				VALIDATE_PRODUCT = YES;
			};
			name = Release;
		};
		3643C0D11EA07E92005C7A7F /* Debug */ = {
			isa = XCBuildConfiguration;
			buildSettings = {
				ASSETCATALOG_COMPILER_APPICON_NAME = AppIcon;
				INFOPLIST_FILE = DelegateAndDataSource/Info.plist;
				LD_RUNPATH_SEARCH_PATHS = "$(inherited) @executable_path/Frameworks";
				PRODUCT_BUNDLE_IDENTIFIER = com.anhtuan.DelegateAndDataSource;
				PRODUCT_NAME = "$(TARGET_NAME)";
				SWIFT_VERSION = 3.0;
			};
			name = Debug;
		};
		3643C0D21EA07E92005C7A7F /* Release */ = {
			isa = XCBuildConfiguration;
			buildSettings = {
				ASSETCATALOG_COMPILER_APPICON_NAME = AppIcon;
				INFOPLIST_FILE = DelegateAndDataSource/Info.plist;
				LD_RUNPATH_SEARCH_PATHS = "$(inherited) @executable_path/Frameworks";
				PRODUCT_BUNDLE_IDENTIFIER = com.anhtuan.DelegateAndDataSource;
				PRODUCT_NAME = "$(TARGET_NAME)";
				SWIFT_VERSION = 3.0;
			};
			name = Release;
		};
/* End XCBuildConfiguration section */

/* Begin XCConfigurationList section */
		3643C0B91EA07E92005C7A7F /* Build configuration list for PBXProject "DelegateAndDataSource" */ = {
			isa = XCConfigurationList;
			buildConfigurations = (
				3643C0CE1EA07E92005C7A7F /* Debug */,
				3643C0CF1EA07E92005C7A7F /* Release */,
			);
			defaultConfigurationIsVisible = 0;
			defaultConfigurationName = Release;
		};
		3643C0D01EA07E92005C7A7F /* Build configuration list for PBXNativeTarget "DelegateAndDataSource" */ = {
			isa = XCConfigurationList;
			buildConfigurations = (
				3643C0D11EA07E92005C7A7F /* Debug */,
				3643C0D21EA07E92005C7A7F /* Release */,
			);
			defaultConfigurationIsVisible = 0;
		};
/* End XCConfigurationList section */
	};
	rootObject = 3643C0B61EA07E92005C7A7F /* Project object */;
}
